{
  "originHash" : "757583ce1e0eb0b3b32b421bf8bc07020b9444831812e5a77dd82e4ecae82e1d",
  "pins" : [
    {
      "identity" : "alamofire",
      "kind" : "remoteSourceControl",
      "location" : "https://github.com/Alamofire/Alamofire.git",
      "state" : {
        "revision" : "513364f870f6bfc468f9d2ff0a95caccc10044c5",
        "version" : "5.10.2"
      }
    },
    {
      "identity" : "iamport-ios?tab=readme-ov-file%20%eb%82%9c%20%ec%9d%b4%ea%b1%b0%20%ec%b6%94%ea%b0%80%ed%95%98%eb%a9%b4%20%ec%9d%b4%ea%b1%b0%20%eb%8b%a4%20%eb%93%a4%ec%96%b4%ec%98%a4%eb%8a%94%eb%8d%b0%20%eb%84%88%eb%84%a4%eb%8f%84%ea%b7%b8%eb%9f%ac%eb%8b%88?",
      "kind" : "remoteSourceControl",
      "location" : "https://github.com/iamport/iamport-ios?tab=readme-ov-file%20%EB%82%9C%20%EC%9D%B4%EA%B1%B0%20%EC%B6%94%EA%B0%80%ED%95%98%EB%A9%B4%20%EC%9D%B4%EA%B1%B0%20%EB%8B%A4%20%EB%93%A4%EC%96%B4%EC%98%A4%EB%8A%94%EB%8D%B0%20%EB%84%88%EB%84%A4%EB%8F%84%EA%B7%B8%EB%9F%AC%EB%8B%88?",
      "state" : {
        "revision" : "cfa5ca2bb0f2be4e51981f14fd20d32d6c9d3636",
        "version" : "1.4.7"
      }
    },
    {
      "identity" : "kakao-ios-sdk",
      "kind" : "remoteSourceControl",
      "location" : "https://github.com/kakao/kakao-ios-sdk",
      "state" : {
        "revision" : "f04b5655f3528e8c21a0ff7db047eeb138135394",
        "version" : "2.26.0"
      }
    },
    {
      "identity" : "realm-core",
      "kind" : "remoteSourceControl",
      "location" : "https://github.com/realm/realm-core.git",
      "state" : {
        "revision" : "cccb3ca9e26ec452a29f2f0d4050d1e38b8a3d43",
        "version" : "14.14.0"
      }
    },
    {
      "identity" : "realm-swift",
      "kind" : "remoteSourceControl",
      "location" : "https://github.com/realm/realm-swift.git",
      "state" : {
        "branch" : "master",
        "revision" : "c22f9303d446fc3c044e4c151ed19597464b6bd7"
      }
    },
    {
      "identity" : "rxswift",
      "kind" : "remoteSourceControl",
      "location" : "https://github.com/ReactiveX/RxSwift.git",
      "state" : {
        "revision" : "5004a18539bd68905c5939aa893075f578f4f03d",
        "version" : "6.9.1"
      }
    },
    {
      "identity" : "socket.io-client-swift",
      "kind" : "remoteSourceControl",
      "location" : "https://github.com/socketio/socket.io-client-swift",
      "state" : {
        "branch" : "master",
        "revision" : "42da871d9369f290d6ec4930636c40672143905b"
      }
    },
    {
      "identity" : "starscream",
      "kind" : "remoteSourceControl",
      "location" : "https://github.com/daltoniam/Starscream",
      "state" : {
        "revision" : "c6bfd1af48efcc9a9ad203665db12375ba6b145a",
        "version" : "4.0.8"
      }
    },
    {
      "identity" : "then",
      "kind" : "remoteSourceControl",
      "location" : "https://github.com/devxoul/Then.git",
      "state" : {
        "revision" : "e421a7b3440a271834337694e6050133a3958bc7",
        "version" : "2.7.0"
      }
    }
  ],
  "version" : 3
}
