{
  "originHash" : "b5fb61c65b42556545342260030190e1b9d98b315e7b7a5be648898c74f06bb4",
  "pins" : [
    {
      "identity" : "alamofire",
      "kind" : "remoteSourceControl",
      "location" : "https://github.com/Alamofire/Alamofire.git",
      "state" : {
        "revision" : "513364f870f6bfc468f9d2ff0a95caccc10044c5",
        "version" : "5.10.2"
      }
    },
    {
      "identity" : "iamport-ios",
      "kind" : "remoteSourceControl",
      "location" : "https://github.com/iamport/iamport-ios.git",
      "state" : {
        "revision" : "cfa5ca2bb0f2be4e51981f14fd20d32d6c9d3636",
        "version" : "1.4.7"
      }
    },
    {
      "identity" : "kingfisher",
      "kind" : "remoteSourceControl",
      "location" : "https://github.com/onevcat/Kingfisher.git",
      "state" : {
        "revision" : "4d75de347da985a70c63af4d799ed482021f6733",
        "version" : "8.6.1"
      }
    },
    {
      "identity" : "rxswift",
      "kind" : "remoteSourceControl",
      "location" : "https://github.com/ReactiveX/RxSwift.git",
      "state" : {
        "revision" : "5004a18539bd68905c5939aa893075f578f4f03d",
        "version" : "6.9.1"
      }
    },
    {
      "identity" : "then",
      "kind" : "remoteSourceControl",
      "location" : "https://github.com/devxoul/Then.git",
      "state" : {
        "revision" : "e421a7b3440a271834337694e6050133a3958bc7",
        "version" : "2.7.0"
      }
    }
  ],
  "version" : 3
}
